# This file is automatically @generated by Cargo.
# It is not intended for manual editing.
version = 4

[[package]]
name = "Fractal-Renderer"
version = "0.1.0"
dependencies = [
 "ccmath",
]

[[package]]
name = "ccmath"
version = "0.1.0"
source = "registry+https://github.com/rust-lang/crates.io-index"
checksum = "1d471486d04c02ba935841404b078bb2ff451c7b8666f2535ca27f2ccbfbdb4e"
